
Microsoft Visual Studio Solution File, Format Version 12.00
# Visual Studio Version 17
VisualStudioVersion = 17.5.33516.290
MinimumVisualStudioVersion = 10.0.40219.1
Project("{9A19103F-16F7-4668-BE54-9A1E7A4F7556}") = "SpotifyNet.Datastructures", "SpotifyNet.Datastructures\SpotifyNet.Datastructures.csproj", "{6755427A-DA82-47C1-9ECC-D20A81FE1891}"
EndProject
Project("{9A19103F-16F7-4668-BE54-9A1E7A4F7556}") = "SpotifyNet.Core", "SpotifyNet.Core\SpotifyNet.Core.csproj", "{028C98DF-6497-4F8B-9BE1-4EAB77E915CD}"
EndProject
Project("{9A19103F-16F7-4668-BE54-9A1E7A4F7556}") = "SpotifyNet.Playground", "SpotifyNet.Playground\SpotifyNet.Playground.csproj", "{12ADE71F-A3A6-4A58-9592-1F1D99A1100B}"
EndProject
Project("{9A19103F-16F7-4668-BE54-9A1E7A4F7556}") = "SpotifyNet.Repositories.Abstractions", "SpotifyNet.Repositories.Abstractions\SpotifyNet.Repositories.Abstractions.csproj", "{9ADB8809-54D9-4F80-9345-781DBADD819B}"
EndProject
Project("{9A19103F-16F7-4668-BE54-9A1E7A4F7556}") = "SpotifyNet.Repositories", "SpotifyNet.Repositories\SpotifyNet.Repositories.csproj", "{6F8D9614-BD71-4DF3-858F-ACBC13C83DF6}"
EndProject
Project("{9A19103F-16F7-4668-BE54-9A1E7A4F7556}") = "SpotifyNet.Clients.Abstractions", "SpotifyNet.Clients.Abstractions\SpotifyNet.Clients.Abstractions.csproj", "{4BB76D4E-D82D-4A0B-8FC2-E68D467EAFB8}"
EndProject
Project("{9A19103F-16F7-4668-BE54-9A1E7A4F7556}") = "SpotifyNet.Clients", "SpotifyNet.Clients\SpotifyNet.Clients.csproj", "{2D053A92-3C50-4819-A049-09251576369F}"
EndProject
Project("{9A19103F-16F7-4668-BE54-9A1E7A4F7556}") = "SpotifyNet.Services.Abstractions", "SpotifyNet.Services.Abstractions\SpotifyNet.Services.Abstractions.csproj", "{2C7EBFFF-C792-4C67-930D-C0E5F4AC8AC5}"
EndProject
Project("{9A19103F-16F7-4668-BE54-9A1E7A4F7556}") = "SpotifyNet.Services", "SpotifyNet.Services\SpotifyNet.Services.csproj", "{81AFD832-AAD0-469B-B718-B471680C09C2}"
EndProject
Project("{9A19103F-16F7-4668-BE54-9A1E7A4F7556}") = "SpotifyNet.SnippetDownloader", "SpotifyNet.SnippetDownloader\SpotifyNet.SnippetDownloader.csproj", "{F8D60D8F-E099-4E6D-B417-0BAD2E74F3B7}"
EndProject
Project("{9A19103F-16F7-4668-BE54-9A1E7A4F7556}") = "SpotifyNet.Common", "SpotifyNet.Common\SpotifyNet.Common.csproj", "{067CABAC-66B6-4363-B64A-B32343040D00}"
EndProject
Global
	GlobalSection(SolutionConfigurationPlatforms) = preSolution
		Debug|Any CPU = Debug|Any CPU
		Release|Any CPU = Release|Any CPU
	EndGlobalSection
	GlobalSection(ProjectConfigurationPlatforms) = postSolution
		{6755427A-DA82-47C1-9ECC-D20A81FE1891}.Debug|Any CPU.ActiveCfg = Debug|Any CPU
		{6755427A-DA82-47C1-9ECC-D20A81FE1891}.Debug|Any CPU.Build.0 = Debug|Any CPU
		{6755427A-DA82-47C1-9ECC-D20A81FE1891}.Release|Any CPU.ActiveCfg = Release|Any CPU
		{6755427A-DA82-47C1-9ECC-D20A81FE1891}.Release|Any CPU.Build.0 = Release|Any CPU
		{028C98DF-6497-4F8B-9BE1-4EAB77E915CD}.Debug|Any CPU.ActiveCfg = Debug|Any CPU
		{028C98DF-6497-4F8B-9BE1-4EAB77E915CD}.Debug|Any CPU.Build.0 = Debug|Any CPU
		{028C98DF-6497-4F8B-9BE1-4EAB77E915CD}.Release|Any CPU.ActiveCfg = Release|Any CPU
		{028C98DF-6497-4F8B-9BE1-4EAB77E915CD}.Release|Any CPU.Build.0 = Release|Any CPU
		{12ADE71F-A3A6-4A58-9592-1F1D99A1100B}.Debug|Any CPU.ActiveCfg = Debug|Any CPU
		{12ADE71F-A3A6-4A58-9592-1F1D99A1100B}.Debug|Any CPU.Build.0 = Debug|Any CPU
		{12ADE71F-A3A6-4A58-9592-1F1D99A1100B}.Release|Any CPU.ActiveCfg = Release|Any CPU
		{12ADE71F-A3A6-4A58-9592-1F1D99A1100B}.Release|Any CPU.Build.0 = Release|Any CPU
		{9ADB8809-54D9-4F80-9345-781DBADD819B}.Debug|Any CPU.ActiveCfg = Debug|Any CPU
		{9ADB8809-54D9-4F80-9345-781DBADD819B}.Debug|Any CPU.Build.0 = Debug|Any CPU
		{9ADB8809-54D9-4F80-9345-781DBADD819B}.Release|Any CPU.ActiveCfg = Release|Any CPU
		{9ADB8809-54D9-4F80-9345-781DBADD819B}.Release|Any CPU.Build.0 = Release|Any CPU
		{6F8D9614-BD71-4DF3-858F-ACBC13C83DF6}.Debug|Any CPU.ActiveCfg = Debug|Any CPU
		{6F8D9614-BD71-4DF3-858F-ACBC13C83DF6}.Debug|Any CPU.Build.0 = Debug|Any CPU
		{6F8D9614-BD71-4DF3-858F-ACBC13C83DF6}.Release|Any CPU.ActiveCfg = Release|Any CPU
		{6F8D9614-BD71-4DF3-858F-ACBC13C83DF6}.Release|Any CPU.Build.0 = Release|Any CPU
		{4BB76D4E-D82D-4A0B-8FC2-E68D467EAFB8}.Debug|Any CPU.ActiveCfg = Debug|Any CPU
		{4BB76D4E-D82D-4A0B-8FC2-E68D467EAFB8}.Debug|Any CPU.Build.0 = Debug|Any CPU
		{4BB76D4E-D82D-4A0B-8FC2-E68D467EAFB8}.Release|Any CPU.ActiveCfg = Release|Any CPU
		{4BB76D4E-D82D-4A0B-8FC2-E68D467EAFB8}.Release|Any CPU.Build.0 = Release|Any CPU
		{2D053A92-3C50-4819-A049-09251576369F}.Debug|Any CPU.ActiveCfg = Debug|Any CPU
		{2D053A92-3C50-4819-A049-09251576369F}.Debug|Any CPU.Build.0 = Debug|Any CPU
		{2D053A92-3C50-4819-A049-09251576369F}.Release|Any CPU.ActiveCfg = Release|Any CPU
		{2D053A92-3C50-4819-A049-09251576369F}.Release|Any CPU.Build.0 = Release|Any CPU
		{2C7EBFFF-C792-4C67-930D-C0E5F4AC8AC5}.Debug|Any CPU.ActiveCfg = Debug|Any CPU
		{2C7EBFFF-C792-4C67-930D-C0E5F4AC8AC5}.Debug|Any CPU.Build.0 = Debug|Any CPU
		{2C7EBFFF-C792-4C67-930D-C0E5F4AC8AC5}.Release|Any CPU.ActiveCfg = Release|Any CPU
		{2C7EBFFF-C792-4C67-930D-C0E5F4AC8AC5}.Release|Any CPU.Build.0 = Release|Any CPU
		{81AFD832-AAD0-469B-B718-B471680C09C2}.Debug|Any CPU.ActiveCfg = Debug|Any CPU
		{81AFD832-AAD0-469B-B718-B471680C09C2}.Debug|Any CPU.Build.0 = Debug|Any CPU
		{81AFD832-AAD0-469B-B718-B471680C09C2}.Release|Any CPU.ActiveCfg = Release|Any CPU
		{81AFD832-AAD0-469B-B718-B471680C09C2}.Release|Any CPU.Build.0 = Release|Any CPU
		{F8D60D8F-E099-4E6D-B417-0BAD2E74F3B7}.Debug|Any CPU.ActiveCfg = Debug|Any CPU
		{F8D60D8F-E099-4E6D-B417-0BAD2E74F3B7}.Debug|Any CPU.Build.0 = Debug|Any CPU
		{F8D60D8F-E099-4E6D-B417-0BAD2E74F3B7}.Release|Any CPU.ActiveCfg = Release|Any CPU
		{F8D60D8F-E099-4E6D-B417-0BAD2E74F3B7}.Release|Any CPU.Build.0 = Release|Any CPU
		{067CABAC-66B6-4363-B64A-B32343040D00}.Debug|Any CPU.ActiveCfg = Debug|Any CPU
		{067CABAC-66B6-4363-B64A-B32343040D00}.Debug|Any CPU.Build.0 = Debug|Any CPU
		{067CABAC-66B6-4363-B64A-B32343040D00}.Release|Any CPU.ActiveCfg = Release|Any CPU
		{067CABAC-66B6-4363-B64A-B32343040D00}.Release|Any CPU.Build.0 = Release|Any CPU
	EndGlobalSection
	GlobalSection(SolutionProperties) = preSolution
		HideSolutionNode = FALSE
	EndGlobalSection
	GlobalSection(ExtensibilityGlobals) = postSolution
		SolutionGuid = {60E70769-9675-4173-A5AB-2FDB3C62BA3A}
	EndGlobalSection
EndGlobal
